{
  "nodes": {
    "darwin": {
      "inputs": {
        "nixpkgs": [
          "nixpkgs"
        ]
      },
      "locked": {
        "lastModified": 1631730143,
        "narHash": "sha256-A8PaUyZu5WVp+IojG5q+39rjf5x57OFDYmVoDFPZLlY=",
        "owner": "lnl7",
        "repo": "nix-darwin",
        "rev": "e1a3f7292f085fd588d11f94ed0f47968c16df0c",
        "type": "github"
      },
      "original": {
        "owner": "lnl7",
        "ref": "master",
        "repo": "nix-darwin",
        "type": "github"
      }
    },
    "emacs": {
      "locked": {
        "lastModified": 1631725895,
        "narHash": "sha256-S/e3+sAIinNLqEh1ODZT52jaxIl10ejwzaofhK9yf5M=",
        "owner": "nix-community",
        "repo": "emacs-overlay",
        "rev": "89334d9994e9ad0cfaa0ec502f5fa95a43974ef8",
        "type": "github"
      },
      "original": {
        "owner": "nix-community",
        "repo": "emacs-overlay",
        "type": "github"
      }
    },
    "home-manager": {
      "inputs": {
        "nixpkgs": "nixpkgs"
      },
      "locked": {
        "lastModified": 1631658300,
        "narHash": "sha256-LsKiOWHtfOgatuIOSfuznj1vKfz7TYSzYPx3RzU9Ibo=",
        "owner": "nix-community",
        "repo": "home-manager",
        "rev": "562449b50354ac224adc4265803cba40b931ae7b",
        "type": "github"
      },
      "original": {
        "owner": "nix-community",
        "repo": "home-manager",
        "type": "github"
      }
    },
    "nixpkgs": {
      "locked": {
        "lastModified": 1631731047,
        "narHash": "sha256-qXEH1hyrlyghNzD0vOqwVD55OzKIfeJnluXXfYrD568=",
        "owner": "NixOS",
        "repo": "nixpkgs",
        "rev": "5fe7b30633fcdc5cca2b7a1f5459b71c66ca6b88",
        "type": "github"
      },
      "original": {
        "id": "nixpkgs",
        "type": "indirect"
      }
    },
    "nixpkgs_2": {
      "locked": {
        "lastModified": 1631668448,
        "narHash": "sha256-zOGqZaEmAYr7tt/0G9pE5gir6EIT+atDv010is6Ztgw=",
        "owner": "nixos",
        "repo": "nixpkgs",
        "rev": "46ff1961227eb9ff16875b48f4e3562497d0f0e7",
        "type": "github"
      },
      "original": {
        "owner": "nixos",
        "ref": "nixpkgs-unstable",
        "repo": "nixpkgs",
        "type": "github"
      }
    },
    "root": {
      "inputs": {
        "darwin": "darwin",
        "emacs": "emacs",
        "home-manager": "home-manager",
        "nixpkgs": "nixpkgs_2"
      }
    }
  },
  "root": "root",
  "version": 7
}
